
Microsoft Visual Studio Solution File, Format Version 12.00
# Visual Studio Version 16
VisualStudioVersion = 16.0.29709.97
MinimumVisualStudioVersion = 10.0.40219.1
Project("{FAE04EC0-301F-11D3-BF4B-00C04F79EFBC}") = "Wc3Stats", "Wc3Stats\Wc3Stats.csproj", "{3458139D-A6FE-4DA5-85A2-E28F94B44600}"
EndProject
Global
	GlobalSection(SolutionConfigurationPlatforms) = preSolution
		Debug|Any CPU = Debug|Any CPU
		Release|Any CPU = Release|Any CPU
	EndGlobalSection
	GlobalSection(ProjectConfigurationPlatforms) = postSolution
		{3458139D-A6FE-4DA5-85A2-E28F94B44600}.Debug|Any CPU.ActiveCfg = Debug|Any CPU
		{3458139D-A6FE-4DA5-85A2-E28F94B44600}.Debug|Any CPU.Build.0 = Debug|Any CPU
		{3458139D-A6FE-4DA5-85A2-E28F94B44600}.Release|Any CPU.ActiveCfg = Release|Any CPU
		{3458139D-A6FE-4DA5-85A2-E28F94B44600}.Release|Any CPU.Build.0 = Release|Any CPU
	EndGlobalSection
	GlobalSection(SolutionProperties) = preSolution
		HideSolutionNode = FALSE
	EndGlobalSection
	GlobalSection(ExtensibilityGlobals) = postSolution
		SolutionGuid = {1A9229E7-D0ED-4CAA-9BEB-C5F50F91977C}
	EndGlobalSection
EndGlobal
